{
  "nodes": {
    "custom-nixpkgs": {
      "inputs": {
        "nixpkgs": "nixpkgs"
      },
      "locked": {
        "lastModified": 1723697220,
        "narHash": "sha256-T8K0bOkUw2MoaZhXmSPZpRjr98Q+XBNx0mT3gftSLAE=",
        "owner": "Open-Systems-Innovation",
        "repo": "custom-nixpkgs",
        "rev": "63ea8e2f33a09ac37fa108b3374f9423cb006332",
        "type": "github"
      },
      "original": {
        "owner": "Open-Systems-Innovation",
        "repo": "custom-nixpkgs",
        "type": "github"
      }
    },
    "nixpkgs": {
      "locked": {
        "lastModified": 1717090882,
        "narHash": "sha256-Up5tvtY9YlVEyVn9hfZcxFQi5qVhQ5hdVNGPQOUchNw=",
        "owner": "NixOS",
        "repo": "nixpkgs",
        "rev": "d24e7fdcfaecdca496ddd426cae98c9e2d12dfe8",
        "type": "github"
      },
      "original": {
        "owner": "NixOS",
        "ref": "nixos-24.05",
        "repo": "nixpkgs",
        "type": "github"
      }
    },
    "nixpkgs_2": {
      "locked": {
        "lastModified": 1723362943,
        "narHash": "sha256-dFZRVSgmJkyM0bkPpaYRtG/kRMRTorUIDj8BxoOt1T4=",
        "owner": "NixOS",
        "repo": "nixpkgs",
        "rev": "a58bc8ad779655e790115244571758e8de055e3d",
        "type": "github"
      },
      "original": {
        "owner": "NixOS",
        "ref": "nixos-unstable",
        "repo": "nixpkgs",
        "type": "github"
      }
    },
    "root": {
      "inputs": {
        "custom-nixpkgs": "custom-nixpkgs",
        "nixpkgs": "nixpkgs_2"
      }
    }
  },
  "root": "root",
  "version": 7
}
